# THIS IS AN AUTOGENERATED FILE. DO NOT EDIT THIS FILE DIRECTLY.
# yarn lockfile v1


"@noble/hashes@^1.1.5":
  version "1.2.0"
  resolved "https://registry.yarnpkg.com/@noble/hashes/-/hashes-1.2.0.tgz#a3150eeb09cc7ab207ebf6d7b9ad311a9bdbed12"
  integrity sha512-FZfhjEDbT5GRswV3C6uvLPHMiVD6lQBmpoX5+eSiPaMTXte/IKqI5dykDxzZB/WBeK/CDuQRBWarPdi3FNY2zQ==

"@paralleldrive/cuid2@^2.0.1":
  version "2.1.0"
  resolved "https://registry.yarnpkg.com/@paralleldrive/cuid2/-/cuid2-2.1.0.tgz#9ec5bea61f6905faf4dc34782e40d07ef8b21b86"
  integrity sha512-tg4/iCuj9WoGXNW2TrjKDOrm9JIuoEQFB0Dv9S072tE/OA/rOWnUEa6RxXy6fhXlxGXmaZyh5HIDXjqX+cN7ig==
  dependencies:
    "@noble/hashes" "^1.1.5"

"@rails/activestorage@^7.0.4":
  version "7.0.4"
  resolved "https://registry.yarnpkg.com/@rails/activestorage/-/activestorage-7.0.4.tgz#56bc3052f60e8867b40a87ed5ff3c0afe536643e"
  integrity sha512-K2fV9C0z88fapu58nt9uHzMylsmJWUFuaIFvuZQEf1WTiPMsgTsj1bf8+cD81zXfTXYMZDQNRq4164JmuBKD3A==
  dependencies:
    spark-md5 "^3.0.1"

"@transloadit/prettier-bytes@0.0.9":
  version "0.0.9"
  resolved "https://registry.yarnpkg.com/@transloadit/prettier-bytes/-/prettier-bytes-0.0.9.tgz#8d3146f75fd9d3c544cb63ec7dbdeb6670d3e2d7"
  integrity sha512-pCvdmea/F3Tn4hAtHqNXmjcixSaroJJ+L3STXlYJdir1g1m2mRQpWbN8a4SvgQtaw2930Ckhdx8qXdXBFMKbAA==

"@uppy/core@^3.0.4":
  version "3.0.6"
  resolved "https://registry.yarnpkg.com/@uppy/core/-/core-3.0.6.tgz#179139e481f6b7d35d0b9f9309afebaca0946642"
  integrity sha512-438+xHMXWmnBl5NDvakh9C87IkWW9ZHVHY3+G5N17E/nzghxaJmFjCh390G5osNrgRvLAZZqt8g9I+hCnq7RgA==
  dependencies:
    "@transloadit/prettier-bytes" "0.0.9"
    "@uppy/store-default" "^3.0.2"
    "@uppy/utils" "^5.1.2"
    lodash.throttle "^4.1.1"
    mime-match "^1.0.2"
    namespace-emitter "^2.0.1"
    nanoid "^4.0.0"
    preact "^10.5.13"

"@uppy/store-default@^3.0.2":
  version "3.0.2"
  resolved "https://registry.yarnpkg.com/@uppy/store-default/-/store-default-3.0.2.tgz#870724c45a2f671d625123cb4a412e3bfae935d9"
  integrity sha512-kIQMCjXui6tjF1E9xGo4YHkvt71McXkU0FStrcQuBrRXuOhb+NcuWh3sMh3KryivVNgT6w5Odrlw2FUFkl9cqA==

"@uppy/utils@^5.1.2":
  version "5.1.2"
  resolved "https://registry.yarnpkg.com/@uppy/utils/-/utils-5.1.2.tgz#136e4a2d3fc7222c6d19e0111fdd56bb2449be60"
  integrity sha512-a/QSxcYeK1SSOjyyohi0oSwLDMJ9SSWwDELDii1WOKiJwmtt5O6pGCKHTnvrr6RwbiedngG0dZi3koYOG+MdoA==
  dependencies:
    lodash.throttle "^4.1.1"

lodash.throttle@^4.1.1:
  version "4.1.1"
  resolved "https://registry.yarnpkg.com/lodash.throttle/-/lodash.throttle-4.1.1.tgz#c23e91b710242ac70c37f1e1cda9274cc39bf2f4"
  integrity sha512-wIkUCfVKpVsWo3JSZlc+8MB5it+2AN5W8J7YVMST30UrvcQNZ1Okbj+rbVniijTWE6FGYy4XJq/rHkas8qJMLQ==

mime-match@^1.0.2:
  version "1.0.2"
  resolved "https://registry.yarnpkg.com/mime-match/-/mime-match-1.0.2.tgz#3f87c31e9af1a5fd485fb9db134428b23bbb7ba8"
  integrity sha512-VXp/ugGDVh3eCLOBCiHZMYWQaTNUHv2IJrut+yXA6+JbLPXHglHwfS/5A5L0ll+jkCY7fIzRJcH6OIunF+c6Cg==
  dependencies:
    wildcard "^1.1.0"

namespace-emitter@^2.0.1:
  version "2.0.1"
  resolved "https://registry.yarnpkg.com/namespace-emitter/-/namespace-emitter-2.0.1.tgz#978d51361c61313b4e6b8cf6f3853d08dfa2b17c"
  integrity sha512-N/sMKHniSDJBjfrkbS/tpkPj4RAbvW3mr8UAzvlMHyun93XEm83IAvhWtJVHo+RHn/oO8Job5YN4b+wRjSVp5g==

nanoid@^4.0.0:
  version "4.0.1"
  resolved "https://registry.yarnpkg.com/nanoid/-/nanoid-4.0.1.tgz#398d7ccfdbf9faf2231b2ca7e8fff5dbca6a509b"
  integrity sha512-udKGtCCUafD3nQtJg9wBhRP3KMbPglUsgV5JVsXhvyBs/oefqb4sqMEhKBBgqZncYowu58p1prsZQBYvAj/Gww==

preact@^10.5.13:
  version "10.12.1"
  resolved "https://registry.yarnpkg.com/preact/-/preact-10.12.1.tgz#8f9cb5442f560e532729b7d23d42fd1161354a21"
  integrity sha512-l8386ixSsBdbreOAkqtrwqHwdvR35ID8c3rKPa8lCWuO86dBi32QWHV4vfsZK1utLLFMvw+Z5Ad4XLkZzchscg==

spark-md5@^3.0.1:
  version "3.0.2"
  resolved "https://registry.yarnpkg.com/spark-md5/-/spark-md5-3.0.2.tgz#7952c4a30784347abcee73268e473b9c0167e3fc"
  integrity sha512-wcFzz9cDfbuqe0FZzfi2or1sgyIrsDwmPwfZC4hiNidPdPINjeUwNfv5kldczoEAcjl9Y1L3SM7Uz2PUEQzxQw==

wildcard@^1.1.0:
  version "1.1.2"
  resolved "https://registry.yarnpkg.com/wildcard/-/wildcard-1.1.2.tgz#a7020453084d8cd2efe70ba9d3696263de1710a5"
  integrity sha512-DXukZJxpHA8LuotRwL0pP1+rS6CS7FF2qStDDE1C7DDg2rLud2PXRMuEDYIPhgEezwnlHNL4c+N6MfMTjCGTng==
