# THIS IS AN AUTOGENERATED FILE. DO NOT EDIT THIS FILE DIRECTLY.
# yarn lockfile v1


"@rails/activestorage@*":
  version "7.0.3"
  resolved "https://registry.yarnpkg.com/@rails/activestorage/-/activestorage-7.0.3.tgz#516770d49f702bb2b746a826779465a513804003"
  integrity sha512-pdIoQUNcimjbSlhUgnRyFimVvsp/J9C1yTxV3P40oQrRU81f3uM9tT4IY/wMfe691Zj7tJBiqsbThUoPT88TAA==
  dependencies:
    spark-md5 "^3.0.1"

"@transloadit/prettier-bytes@0.0.9":
  version "0.0.9"
  resolved "https://registry.yarnpkg.com/@transloadit/prettier-bytes/-/prettier-bytes-0.0.9.tgz#8d3146f75fd9d3c544cb63ec7dbdeb6670d3e2d7"
  integrity sha512-pCvdmea/F3Tn4hAtHqNXmjcixSaroJJ+L3STXlYJdir1g1m2mRQpWbN8a4SvgQtaw2930Ckhdx8qXdXBFMKbAA==

"@uppy/core@*":
  version "3.0.0"
  resolved "https://registry.yarnpkg.com/@uppy/core/-/core-3.0.0.tgz#01e88ca8f83d2371166d3a0deff59eb261cdde14"
  integrity sha512-yt+f8R7+SJk98f8liqBC7UDWFq++9soWRQlMzNe1D1ELNePdqMTNfIcxcRfQEv8rqgV8523EikBxlHSHSoO0Rw==
  dependencies:
    "@transloadit/prettier-bytes" "0.0.9"
    "@uppy/store-default" "^3.0.0"
    "@uppy/utils" "^5.0.0"
    lodash.throttle "^4.1.1"
    mime-match "^1.0.2"
    namespace-emitter "^2.0.1"
    nanoid "^4.0.0"
    preact "^10.5.13"

"@uppy/store-default@^3.0.0":
  version "3.0.0"
  resolved "https://registry.yarnpkg.com/@uppy/store-default/-/store-default-3.0.0.tgz#20048e7b72092bee62413f0ccfbee0ee04e8a8dc"
  integrity sha512-PsenzIVqrR0LDeLHzlhn81ADgCcbuwi0IvO7orv6hEmWwFiIXuct5/U76apO5hIWZrq5nWr9Vy034kcEpD9r8w==

"@uppy/utils@^5.0.0":
  version "5.0.0"
  resolved "https://registry.yarnpkg.com/@uppy/utils/-/utils-5.0.0.tgz#03b3d96edc4f6664fb0ac83a1c887187dc692bcc"
  integrity sha512-AbOGYt/+tAmWp8jXE5pY5JsEL1x6j3/jg1ECkUeIMtAs6ZMZ0irVUSOZ1PvULivAyyU56EmrdUIYWDGt0E6VVw==
  dependencies:
    lodash.throttle "^4.1.1"

cuid@^2.1.8:
  version "2.1.8"
  resolved "https://registry.yarnpkg.com/cuid/-/cuid-2.1.8.tgz#cbb88f954171e0d5747606c0139fb65c5101eac0"
  integrity sha512-xiEMER6E7TlTPnDxrM4eRiC6TRgjNX9xzEZ5U/Se2YJKr7Mq4pJn/2XEHjl3STcSh96GmkHPcBXLES8M29wyyg==

lodash.throttle@^4.1.1:
  version "4.1.1"
  resolved "https://registry.yarnpkg.com/lodash.throttle/-/lodash.throttle-4.1.1.tgz#c23e91b710242ac70c37f1e1cda9274cc39bf2f4"
  integrity sha512-wIkUCfVKpVsWo3JSZlc+8MB5it+2AN5W8J7YVMST30UrvcQNZ1Okbj+rbVniijTWE6FGYy4XJq/rHkas8qJMLQ==

mime-match@^1.0.2:
  version "1.0.2"
  resolved "https://registry.yarnpkg.com/mime-match/-/mime-match-1.0.2.tgz#3f87c31e9af1a5fd485fb9db134428b23bbb7ba8"
  integrity sha512-VXp/ugGDVh3eCLOBCiHZMYWQaTNUHv2IJrut+yXA6+JbLPXHglHwfS/5A5L0ll+jkCY7fIzRJcH6OIunF+c6Cg==
  dependencies:
    wildcard "^1.1.0"

namespace-emitter@^2.0.1:
  version "2.0.1"
  resolved "https://registry.yarnpkg.com/namespace-emitter/-/namespace-emitter-2.0.1.tgz#978d51361c61313b4e6b8cf6f3853d08dfa2b17c"
  integrity sha512-N/sMKHniSDJBjfrkbS/tpkPj4RAbvW3mr8UAzvlMHyun93XEm83IAvhWtJVHo+RHn/oO8Job5YN4b+wRjSVp5g==

nanoid@^4.0.0:
  version "4.0.0"
  resolved "https://registry.yarnpkg.com/nanoid/-/nanoid-4.0.0.tgz#6e144dee117609232c3f415c34b0e550e64999a5"
  integrity sha512-IgBP8piMxe/gf73RTQx7hmnhwz0aaEXYakvqZyE302IXW3HyVNhdNGC+O2MwMAVhLEnvXlvKtGbtJf6wvHihCg==

preact@^10.5.13:
  version "10.10.6"
  resolved "https://registry.yarnpkg.com/preact/-/preact-10.10.6.tgz#1fe62aecf93974b64e6a42e09ba1f00f93207d14"
  integrity sha512-w0mCL5vICUAZrh1DuHEdOWBjxdO62lvcO++jbzr8UhhYcTbFkpegLH9XX+7MadjTl/y0feoqwQ/zAnzkc/EGog==

spark-md5@^3.0.1:
  version "3.0.2"
  resolved "https://registry.yarnpkg.com/spark-md5/-/spark-md5-3.0.2.tgz#7952c4a30784347abcee73268e473b9c0167e3fc"
  integrity sha512-wcFzz9cDfbuqe0FZzfi2or1sgyIrsDwmPwfZC4hiNidPdPINjeUwNfv5kldczoEAcjl9Y1L3SM7Uz2PUEQzxQw==

wildcard@^1.1.0:
  version "1.1.2"
  resolved "https://registry.yarnpkg.com/wildcard/-/wildcard-1.1.2.tgz#a7020453084d8cd2efe70ba9d3696263de1710a5"
  integrity sha512-DXukZJxpHA8LuotRwL0pP1+rS6CS7FF2qStDDE1C7DDg2rLud2PXRMuEDYIPhgEezwnlHNL4c+N6MfMTjCGTng==
