# THIS IS AN AUTOGENERATED FILE. DO NOT EDIT THIS FILE DIRECTLY.
# yarn lockfile v1


"@rails/activestorage@*":
  version "7.0.1"
  resolved "https://registry.yarnpkg.com/@rails/activestorage/-/activestorage-7.0.1.tgz#207f445b684a210a9673b9f7177d83fa9e199088"
  integrity sha512-086z2aymPsfJITR8tbXjMr5OipfoFcoWJn5y5krXx3zo9zCEBQjSVR/tS2oHQGCSxIsF0E7a9Ds1cFXrnEdSKQ==
  dependencies:
    spark-md5 "^3.0.1"

"@transloadit/prettier-bytes@0.0.7":
  version "0.0.7"
  resolved "https://registry.yarnpkg.com/@transloadit/prettier-bytes/-/prettier-bytes-0.0.7.tgz#cdb5399f445fdd606ed833872fa0cabdbc51686b"
  integrity sha512-VeJbUb0wEKbcwaSlj5n+LscBl9IPgLPkHVGBkh00cztv6X4L/TJXK58LzFuBKX7/GAfiGhIwH67YTLTlzvIzBA==

"@uppy/core@*":
  version "2.1.4"
  resolved "https://registry.yarnpkg.com/@uppy/core/-/core-2.1.4.tgz#168ce748bf545312b54c75125a87d05f702f3c98"
  integrity sha512-tVC44D66BbISD3gJaqH3xUrVEP5Pah0cDQV98sI3N6W6yMSOW4m3xuhqhcWvEd4DolKCp0vyvc/pW6rsQbMVRA==
  dependencies:
    "@transloadit/prettier-bytes" "0.0.7"
    "@uppy/store-default" "^2.0.3"
    "@uppy/utils" "^4.0.4"
    lodash.throttle "^4.1.1"
    mime-match "^1.0.2"
    namespace-emitter "^2.0.1"
    nanoid "^3.1.25"
    preact "^10.5.13"

"@uppy/store-default@^2.0.3":
  version "2.0.3"
  resolved "https://registry.yarnpkg.com/@uppy/store-default/-/store-default-2.0.3.tgz#47ad4fc4816d21955ff37d6bb5096a93278c29e2"
  integrity sha512-2BGlN1sW0cFv4rOqTK8dfSg579S984N1HxCJxLFqeW9nWD6zd/O8Omyd85tbxGQ+FLZLTmLOm/feD0YeCBMahg==

"@uppy/utils@^4.0.4":
  version "4.0.5"
  resolved "https://registry.yarnpkg.com/@uppy/utils/-/utils-4.0.5.tgz#0feda6e03d13af2fec969b146d7410462a8d2d48"
  integrity sha512-uRv921A69UMjuWCLSC5tKXuIVoMOROVpFstIAQv5CoiCOCXyofcWpvAqELT7qlQJ5VRWha3uF5d/Z94SNnwxew==
  dependencies:
    lodash.throttle "^4.1.1"

cuid@^2.1.8:
  version "2.1.8"
  resolved "https://registry.yarnpkg.com/cuid/-/cuid-2.1.8.tgz#cbb88f954171e0d5747606c0139fb65c5101eac0"
  integrity sha512-xiEMER6E7TlTPnDxrM4eRiC6TRgjNX9xzEZ5U/Se2YJKr7Mq4pJn/2XEHjl3STcSh96GmkHPcBXLES8M29wyyg==

lodash.throttle@^4.1.1:
  version "4.1.1"
  resolved "https://registry.yarnpkg.com/lodash.throttle/-/lodash.throttle-4.1.1.tgz#c23e91b710242ac70c37f1e1cda9274cc39bf2f4"
  integrity sha1-wj6RtxAkKscMN/HhzaknTMOb8vQ=

mime-match@^1.0.2:
  version "1.0.2"
  resolved "https://registry.yarnpkg.com/mime-match/-/mime-match-1.0.2.tgz#3f87c31e9af1a5fd485fb9db134428b23bbb7ba8"
  integrity sha1-P4fDHprxpf1IX7nbE0Qosju7e6g=
  dependencies:
    wildcard "^1.1.0"

namespace-emitter@^2.0.1:
  version "2.0.1"
  resolved "https://registry.yarnpkg.com/namespace-emitter/-/namespace-emitter-2.0.1.tgz#978d51361c61313b4e6b8cf6f3853d08dfa2b17c"
  integrity sha512-N/sMKHniSDJBjfrkbS/tpkPj4RAbvW3mr8UAzvlMHyun93XEm83IAvhWtJVHo+RHn/oO8Job5YN4b+wRjSVp5g==

nanoid@^3.1.25:
  version "3.2.0"
  resolved "https://registry.yarnpkg.com/nanoid/-/nanoid-3.2.0.tgz#62667522da6673971cca916a6d3eff3f415ff80c"
  integrity sha512-fmsZYa9lpn69Ad5eDn7FMcnnSR+8R34W9qJEijxYhTbfOWzr22n1QxCMzXLK+ODyW2973V3Fux959iQoUxzUIA==

preact@^10.5.13:
  version "10.6.5"
  resolved "https://registry.yarnpkg.com/preact/-/preact-10.6.5.tgz#726d8bd12903a0d51cdd17e2e1b90cc539403e0c"
  integrity sha512-i+LXM6JiVjQXSt2jG2vZZFapGpCuk1fl8o6ii3G84MA3xgj686FKjs4JFDkmUVhtxyq21+4ay74zqPykz9hU6w==

spark-md5@^3.0.1:
  version "3.0.2"
  resolved "https://registry.yarnpkg.com/spark-md5/-/spark-md5-3.0.2.tgz#7952c4a30784347abcee73268e473b9c0167e3fc"
  integrity sha512-wcFzz9cDfbuqe0FZzfi2or1sgyIrsDwmPwfZC4hiNidPdPINjeUwNfv5kldczoEAcjl9Y1L3SM7Uz2PUEQzxQw==

wildcard@^1.1.0:
  version "1.1.2"
  resolved "https://registry.yarnpkg.com/wildcard/-/wildcard-1.1.2.tgz#a7020453084d8cd2efe70ba9d3696263de1710a5"
  integrity sha1-pwIEUwhNjNLv5wup02liY94XEKU=
